
Microsoft Visual Studio Solution File, Format Version 12.00
# Visual Studio 15
VisualStudioVersion = 15.0.28307.1705
MinimumVisualStudioVersion = 10.0.40219.1
Project("{FAE04EC0-301F-11D3-BF4B-00C04F79EFBC}") = "DbFirst", "DbFirst\DbFirst.csproj", "{7987528B-165C-473B-A4D4-5E4103B00642}"
EndProject
Global
	GlobalSection(SolutionConfigurationPlatforms) = preSolution
		Debug|Any CPU = Debug|Any CPU
		Release|Any CPU = Release|Any CPU
	EndGlobalSection
	GlobalSection(ProjectConfigurationPlatforms) = postSolution
		{7987528B-165C-473B-A4D4-5E4103B00642}.Debug|Any CPU.ActiveCfg = Debug|Any CPU
		{7987528B-165C-473B-A4D4-5E4103B00642}.Debug|Any CPU.Build.0 = Debug|Any CPU
		{7987528B-165C-473B-A4D4-5E4103B00642}.Release|Any CPU.ActiveCfg = Release|Any CPU
		{7987528B-165C-473B-A4D4-5E4103B00642}.Release|Any CPU.Build.0 = Release|Any CPU
	EndGlobalSection
	GlobalSection(SolutionProperties) = preSolution
		HideSolutionNode = FALSE
	EndGlobalSection
	GlobalSection(ExtensibilityGlobals) = postSolution
		SolutionGuid = {B5AAF32B-29D7-4C44-BC3B-4199152E1A78}
	EndGlobalSection
EndGlobal
