
Microsoft Visual Studio Solution File, Format Version 12.00
# Visual Studio Version 17
VisualStudioVersion = 17.0.31919.166
MinimumVisualStudioVersion = 10.0.40219.1
Project("{FAE04EC0-301F-11D3-BF4B-00C04F79EFBC}") = "Calculator.Test", "Calculator.Test\Calculator.Test.csproj", "{DACDEDC5-1359-4884-B78D-950D676E3FEF}"
EndProject
Global
	GlobalSection(SolutionConfigurationPlatforms) = preSolution
		Debug|Any CPU = Debug|Any CPU
		Release|Any CPU = Release|Any CPU
	EndGlobalSection
	GlobalSection(ProjectConfigurationPlatforms) = postSolution
		{DACDEDC5-1359-4884-B78D-950D676E3FEF}.Debug|Any CPU.ActiveCfg = Debug|Any CPU
		{DACDEDC5-1359-4884-B78D-950D676E3FEF}.Debug|Any CPU.Build.0 = Debug|Any CPU
		{DACDEDC5-1359-4884-B78D-950D676E3FEF}.Release|Any CPU.ActiveCfg = Release|Any CPU
		{DACDEDC5-1359-4884-B78D-950D676E3FEF}.Release|Any CPU.Build.0 = Release|Any CPU
	EndGlobalSection
	GlobalSection(SolutionProperties) = preSolution
		HideSolutionNode = FALSE
	EndGlobalSection
	GlobalSection(ExtensibilityGlobals) = postSolution
		SolutionGuid = {28A86EBD-505F-462C-98BE-888F54B92523}
	EndGlobalSection
EndGlobal
