
Microsoft Visual Studio Solution File, Format Version 12.00
# Visual Studio Version 17
VisualStudioVersion = 17.0.31919.166
MinimumVisualStudioVersion = 10.0.40219.1
Project("{9A19103F-16F7-4668-BE54-9A1E7A4F7556}") = "ConsoleApp1", "ConsoleApp1\ConsoleApp1.csproj", "{E0AE011F-3BEA-4E42-A17A-974EC109D998}"
EndProject
Project("{9A19103F-16F7-4668-BE54-9A1E7A4F7556}") = "Graph", "Graph\Graph.csproj", "{B198ED02-805C-4825-B033-A0B5CC29F933}"
EndProject
Project("{FAE04EC0-301F-11D3-BF4B-00C04F79EFBC}") = "Sort", "Sort\Sort.csproj", "{2DDF7EDA-3BB7-4591-8077-F09786048862}"
EndProject
Global
	GlobalSection(SolutionConfigurationPlatforms) = preSolution
		Debug|Any CPU = Debug|Any CPU
		Release|Any CPU = Release|Any CPU
	EndGlobalSection
	GlobalSection(ProjectConfigurationPlatforms) = postSolution
		{E0AE011F-3BEA-4E42-A17A-974EC109D998}.Debug|Any CPU.ActiveCfg = Debug|Any CPU
		{E0AE011F-3BEA-4E42-A17A-974EC109D998}.Debug|Any CPU.Build.0 = Debug|Any CPU
		{E0AE011F-3BEA-4E42-A17A-974EC109D998}.Release|Any CPU.ActiveCfg = Release|Any CPU
		{E0AE011F-3BEA-4E42-A17A-974EC109D998}.Release|Any CPU.Build.0 = Release|Any CPU
		{B198ED02-805C-4825-B033-A0B5CC29F933}.Debug|Any CPU.ActiveCfg = Debug|Any CPU
		{B198ED02-805C-4825-B033-A0B5CC29F933}.Debug|Any CPU.Build.0 = Debug|Any CPU
		{B198ED02-805C-4825-B033-A0B5CC29F933}.Release|Any CPU.ActiveCfg = Release|Any CPU
		{B198ED02-805C-4825-B033-A0B5CC29F933}.Release|Any CPU.Build.0 = Release|Any CPU
		{2DDF7EDA-3BB7-4591-8077-F09786048862}.Debug|Any CPU.ActiveCfg = Debug|Any CPU
		{2DDF7EDA-3BB7-4591-8077-F09786048862}.Debug|Any CPU.Build.0 = Debug|Any CPU
		{2DDF7EDA-3BB7-4591-8077-F09786048862}.Release|Any CPU.ActiveCfg = Release|Any CPU
		{2DDF7EDA-3BB7-4591-8077-F09786048862}.Release|Any CPU.Build.0 = Release|Any CPU
	EndGlobalSection
	GlobalSection(SolutionProperties) = preSolution
		HideSolutionNode = FALSE
	EndGlobalSection
	GlobalSection(ExtensibilityGlobals) = postSolution
		SolutionGuid = {198C1172-B6A2-49A4-83DC-3F3E1CE2752F}
	EndGlobalSection
EndGlobal
