
Microsoft Visual Studio Solution File, Format Version 12.00
# Visual Studio Version 17
VisualStudioVersion = 17.5.33516.290
MinimumVisualStudioVersion = 10.0.40219.1
Project("{FAE04EC0-301F-11D3-BF4B-00C04F79EFBC}") = "CustomAuthentication", "CustomAuthentication\CustomAuthentication.csproj", "{6A893CC2-D682-4DC0-8A25-75B4F4C41134}"
EndProject
Global
	GlobalSection(SolutionConfigurationPlatforms) = preSolution
		Debug|Any CPU = Debug|Any CPU
		Release|Any CPU = Release|Any CPU
	EndGlobalSection
	GlobalSection(ProjectConfigurationPlatforms) = postSolution
		{6A893CC2-D682-4DC0-8A25-75B4F4C41134}.Debug|Any CPU.ActiveCfg = Debug|Any CPU
		{6A893CC2-D682-4DC0-8A25-75B4F4C41134}.Debug|Any CPU.Build.0 = Debug|Any CPU
		{6A893CC2-D682-4DC0-8A25-75B4F4C41134}.Release|Any CPU.ActiveCfg = Release|Any CPU
		{6A893CC2-D682-4DC0-8A25-75B4F4C41134}.Release|Any CPU.Build.0 = Release|Any CPU
	EndGlobalSection
	GlobalSection(SolutionProperties) = preSolution
		HideSolutionNode = FALSE
	EndGlobalSection
	GlobalSection(ExtensibilityGlobals) = postSolution
		SolutionGuid = {438A2A24-8679-4E32-BAAC-B63CD4405E9A}
	EndGlobalSection
EndGlobal
