
Microsoft Visual Studio Solution File, Format Version 12.00
# Visual Studio 15
VisualStudioVersion = 15.0.28307.1705
MinimumVisualStudioVersion = 10.0.40219.1
Project("{FAE04EC0-301F-11D3-BF4B-00C04F79EFBC}") = "CodeFirst", "CodeFirst\CodeFirst.csproj", "{FBC7AB5B-0232-44D2-A67C-C769F78D1BE9}"
EndProject
Project("{FAE04EC0-301F-11D3-BF4B-00C04F79EFBC}") = "CodeFirstExistingDatabase", "CodeFirstExistingDatabase\CodeFirstExistingDatabase.csproj", "{BF704C9A-420A-45DC-B1E9-512DCE55643A}"
EndProject
Global
	GlobalSection(SolutionConfigurationPlatforms) = preSolution
		Debug|Any CPU = Debug|Any CPU
		Release|Any CPU = Release|Any CPU
	EndGlobalSection
	GlobalSection(ProjectConfigurationPlatforms) = postSolution
		{FBC7AB5B-0232-44D2-A67C-C769F78D1BE9}.Debug|Any CPU.ActiveCfg = Debug|Any CPU
		{FBC7AB5B-0232-44D2-A67C-C769F78D1BE9}.Debug|Any CPU.Build.0 = Debug|Any CPU
		{FBC7AB5B-0232-44D2-A67C-C769F78D1BE9}.Release|Any CPU.ActiveCfg = Release|Any CPU
		{FBC7AB5B-0232-44D2-A67C-C769F78D1BE9}.Release|Any CPU.Build.0 = Release|Any CPU
		{BF704C9A-420A-45DC-B1E9-512DCE55643A}.Debug|Any CPU.ActiveCfg = Debug|Any CPU
		{BF704C9A-420A-45DC-B1E9-512DCE55643A}.Debug|Any CPU.Build.0 = Debug|Any CPU
		{BF704C9A-420A-45DC-B1E9-512DCE55643A}.Release|Any CPU.ActiveCfg = Release|Any CPU
		{BF704C9A-420A-45DC-B1E9-512DCE55643A}.Release|Any CPU.Build.0 = Release|Any CPU
	EndGlobalSection
	GlobalSection(SolutionProperties) = preSolution
		HideSolutionNode = FALSE
	EndGlobalSection
	GlobalSection(ExtensibilityGlobals) = postSolution
		SolutionGuid = {52C21345-7086-4478-9FB8-69C24B3E7185}
	EndGlobalSection
EndGlobal
